// !$*UTF8*$!
{
	archiveVersion = 1;
	classes = {
	};
	objectVersion = 50;
	objects = {

/* Begin PBXBuildFile section */
		41138782E6CC4C5FDFC97372 /* Pods_ToDoey.framework in Frameworks */ = {isa = PBXBuildFile; fileRef = F5208914B652EB1353C06B3F /* Pods_ToDoey.framework */; };
		631E119321AB2A9200ADD832 /* Item.swift in Sources */ = {isa = PBXBuildFile; fileRef = 631E119221AB2A9200ADD832 /* Item.swift */; };
		631E119521AB2AA500ADD832 /* Category.swift in Sources */ = {isa = PBXBuildFile; fileRef = 631E119421AB2AA500ADD832 /* Category.swift */; };
		638FB74C21AB6063007D0B20 /* SwipeTableTableViewController.swift in Sources */ = {isa = PBXBuildFile; fileRef = 638FB74B21AB6063007D0B20 /* SwipeTableTableViewController.swift */; };
		63B7834021A7050D0042FF9B /* AppDelegate.swift in Sources */ = {isa = PBXBuildFile; fileRef = 63B7833F21A7050D0042FF9B /* AppDelegate.swift */; };
		63B7834221A7050D0042FF9B /* ToDoListViewController.swift in Sources */ = {isa = PBXBuildFile; fileRef = 63B7834121A7050D0042FF9B /* ToDoListViewController.swift */; };
		63B7834521A7050D0042FF9B /* Main.storyboard in Resources */ = {isa = PBXBuildFile; fileRef = 63B7834321A7050D0042FF9B /* Main.storyboard */; };
		63B7834721A7050E0042FF9B /* Assets.xcassets in Resources */ = {isa = PBXBuildFile; fileRef = 63B7834621A7050E0042FF9B /* Assets.xcassets */; };
		63B7834A21A7050E0042FF9B /* LaunchScreen.storyboard in Resources */ = {isa = PBXBuildFile; fileRef = 63B7834821A7050E0042FF9B /* LaunchScreen.storyboard */; };
		63B7837E21A7C48C0042FF9B /* CategoryTableViewController.swift in Sources */ = {isa = PBXBuildFile; fileRef = 63B7837D21A7C48C0042FF9B /* CategoryTableViewController.swift */; };
/* End PBXBuildFile section */

/* Begin PBXFileReference section */
		2FF5958A9C3DD3B440945F53 /* Pods-ToDoey.release.xcconfig */ = {isa = PBXFileReference; includeInIndex = 1; lastKnownFileType = text.xcconfig; name = "Pods-ToDoey.release.xcconfig"; path = "Pods/Target Support Files/Pods-ToDoey/Pods-ToDoey.release.xcconfig"; sourceTree = "<group>"; };
		631E119221AB2A9200ADD832 /* Item.swift */ = {isa = PBXFileReference; lastKnownFileType = sourcecode.swift; path = Item.swift; sourceTree = "<group>"; };
		631E119421AB2AA500ADD832 /* Category.swift */ = {isa = PBXFileReference; lastKnownFileType = sourcecode.swift; path = Category.swift; sourceTree = "<group>"; };
		638FB74B21AB6063007D0B20 /* SwipeTableTableViewController.swift */ = {isa = PBXFileReference; lastKnownFileType = sourcecode.swift; path = SwipeTableTableViewController.swift; sourceTree = "<group>"; };
		63B7833C21A7050D0042FF9B /* ToDoey.app */ = {isa = PBXFileReference; explicitFileType = wrapper.application; includeInIndex = 0; path = ToDoey.app; sourceTree = BUILT_PRODUCTS_DIR; };
		63B7833F21A7050D0042FF9B /* AppDelegate.swift */ = {isa = PBXFileReference; lastKnownFileType = sourcecode.swift; path = AppDelegate.swift; sourceTree = "<group>"; };
		63B7834121A7050D0042FF9B /* ToDoListViewController.swift */ = {isa = PBXFileReference; lastKnownFileType = sourcecode.swift; path = ToDoListViewController.swift; sourceTree = "<group>"; };
		63B7834421A7050D0042FF9B /* Base */ = {isa = PBXFileReference; lastKnownFileType = file.storyboard; name = Base; path = Base.lproj/Main.storyboard; sourceTree = "<group>"; };
		63B7834621A7050E0042FF9B /* Assets.xcassets */ = {isa = PBXFileReference; lastKnownFileType = folder.assetcatalog; path = Assets.xcassets; sourceTree = "<group>"; };
		63B7834921A7050E0042FF9B /* Base */ = {isa = PBXFileReference; lastKnownFileType = file.storyboard; name = Base; path = Base.lproj/LaunchScreen.storyboard; sourceTree = "<group>"; };
		63B7834B21A7050E0042FF9B /* Info.plist */ = {isa = PBXFileReference; lastKnownFileType = text.plist.xml; path = Info.plist; sourceTree = "<group>"; };
		63B7837D21A7C48C0042FF9B /* CategoryTableViewController.swift */ = {isa = PBXFileReference; lastKnownFileType = sourcecode.swift; name = CategoryTableViewController.swift; path = ToDoey/Controllers/CategoryTableViewController.swift; sourceTree = SOURCE_ROOT; };
		A46F0F44DE92E089B9B409E1 /* Pods-ToDoey.debug.xcconfig */ = {isa = PBXFileReference; includeInIndex = 1; lastKnownFileType = text.xcconfig; name = "Pods-ToDoey.debug.xcconfig"; path = "Pods/Target Support Files/Pods-ToDoey/Pods-ToDoey.debug.xcconfig"; sourceTree = "<group>"; };
		F5208914B652EB1353C06B3F /* Pods_ToDoey.framework */ = {isa = PBXFileReference; explicitFileType = wrapper.framework; includeInIndex = 0; path = Pods_ToDoey.framework; sourceTree = BUILT_PRODUCTS_DIR; };
/* End PBXFileReference section */

/* Begin PBXFrameworksBuildPhase section */
		63B7833921A7050D0042FF9B /* Frameworks */ = {
			isa = PBXFrameworksBuildPhase;
			buildActionMask = 2147483647;
			files = (
				41138782E6CC4C5FDFC97372 /* Pods_ToDoey.framework in Frameworks */,
			);
			runOnlyForDeploymentPostprocessing = 0;
		};
/* End PBXFrameworksBuildPhase section */

/* Begin PBXGroup section */
		39706D35FEB1DAD71ADE4C44 /* Pods */ = {
			isa = PBXGroup;
			children = (
				A46F0F44DE92E089B9B409E1 /* Pods-ToDoey.debug.xcconfig */,
				2FF5958A9C3DD3B440945F53 /* Pods-ToDoey.release.xcconfig */,
			);
			name = Pods;
			sourceTree = "<group>";
		};
		63B7833321A7050D0042FF9B = {
			isa = PBXGroup;
			children = (
				63B7833E21A7050D0042FF9B /* ToDoey */,
				63B7833D21A7050D0042FF9B /* Products */,
				39706D35FEB1DAD71ADE4C44 /* Pods */,
				BAA15D69AD080D70F45CB273 /* Frameworks */,
			);
			sourceTree = "<group>";
		};
		63B7833D21A7050D0042FF9B /* Products */ = {
			isa = PBXGroup;
			children = (
				63B7833C21A7050D0042FF9B /* ToDoey.app */,
			);
			name = Products;
			sourceTree = "<group>";
		};
		63B7833E21A7050D0042FF9B /* ToDoey */ = {
			isa = PBXGroup;
			children = (
				63B7833F21A7050D0042FF9B /* AppDelegate.swift */,
				63B7835321A72BAD0042FF9B /* Model */,
				63B7835221A72BA50042FF9B /* Controllers */,
				63B7835121A72B950042FF9B /* Views */,
				63B7834621A7050E0042FF9B /* Assets.xcassets */,
				63B7834821A7050E0042FF9B /* LaunchScreen.storyboard */,
				63B7834B21A7050E0042FF9B /* Info.plist */,
			);
			path = ToDoey;
			sourceTree = "<group>";
		};
		63B7835121A72B950042FF9B /* Views */ = {
			isa = PBXGroup;
			children = (
				63B7834321A7050D0042FF9B /* Main.storyboard */,
			);
			path = Views;
			sourceTree = "<group>";
		};
		63B7835221A72BA50042FF9B /* Controllers */ = {
			isa = PBXGroup;
			children = (
				63B7837D21A7C48C0042FF9B /* CategoryTableViewController.swift */,
				638FB74B21AB6063007D0B20 /* SwipeTableTableViewController.swift */,
				63B7834121A7050D0042FF9B /* ToDoListViewController.swift */,
			);
			path = Controllers;
			sourceTree = "<group>";
		};
		63B7835321A72BAD0042FF9B /* Model */ = {
			isa = PBXGroup;
			children = (
				631E119421AB2AA500ADD832 /* Category.swift */,
				631E119221AB2A9200ADD832 /* Item.swift */,
			);
			path = Model;
			sourceTree = "<group>";
		};
		BAA15D69AD080D70F45CB273 /* Frameworks */ = {
			isa = PBXGroup;
			children = (
				F5208914B652EB1353C06B3F /* Pods_ToDoey.framework */,
			);
			name = Frameworks;
			sourceTree = "<group>";
		};
/* End PBXGroup section */

/* Begin PBXNativeTarget section */
		63B7833B21A7050D0042FF9B /* ToDoey */ = {
			isa = PBXNativeTarget;
			buildConfigurationList = 63B7834E21A7050E0042FF9B /* Build configuration list for PBXNativeTarget "ToDoey" */;
			buildPhases = (
				273923E62B30ABF9ACF7B4AE /* [CP] Check Pods Manifest.lock */,
				63B7833821A7050D0042FF9B /* Sources */,
				63B7833921A7050D0042FF9B /* Frameworks */,
				63B7833A21A7050D0042FF9B /* Resources */,
				2FCEF3B84FFAB3C747971580 /* [CP] Embed Pods Frameworks */,
			);
			buildRules = (
			);
			dependencies = (
			);
			name = ToDoey;
			productName = ToDoey;
			productReference = 63B7833C21A7050D0042FF9B /* ToDoey.app */;
			productType = "com.apple.product-type.application";
		};
/* End PBXNativeTarget section */

/* Begin PBXProject section */
		63B7833421A7050D0042FF9B /* Project object */ = {
			isa = PBXProject;
			attributes = {
				LastSwiftUpdateCheck = 1010;
				LastUpgradeCheck = 1010;
				ORGANIZATIONNAME = Bugsracer;
				TargetAttributes = {
					63B7833B21A7050D0042FF9B = {
						CreatedOnToolsVersion = 10.1;
					};
				};
			};
			buildConfigurationList = 63B7833721A7050D0042FF9B /* Build configuration list for PBXProject "ToDoey" */;
			compatibilityVersion = "Xcode 9.3";
			developmentRegion = en;
			hasScannedForEncodings = 0;
			knownRegions = (
				en,
				Base,
			);
			mainGroup = 63B7833321A7050D0042FF9B;
			productRefGroup = 63B7833D21A7050D0042FF9B /* Products */;
			projectDirPath = "";
			projectRoot = "";
			targets = (
				63B7833B21A7050D0042FF9B /* ToDoey */,
			);
		};
/* End PBXProject section */

/* Begin PBXResourcesBuildPhase section */
		63B7833A21A7050D0042FF9B /* Resources */ = {
			isa = PBXResourcesBuildPhase;
			buildActionMask = 2147483647;
			files = (
				63B7834A21A7050E0042FF9B /* LaunchScreen.storyboard in Resources */,
				63B7834721A7050E0042FF9B /* Assets.xcassets in Resources */,
				63B7834521A7050D0042FF9B /* Main.storyboard in Resources */,
			);
			runOnlyForDeploymentPostprocessing = 0;
		};
/* End PBXResourcesBuildPhase section */

/* Begin PBXShellScriptBuildPhase section */
		273923E62B30ABF9ACF7B4AE /* [CP] Check Pods Manifest.lock */ = {
			isa = PBXShellScriptBuildPhase;
			buildActionMask = 2147483647;
			files = (
			);
			inputPaths = (
				"${PODS_PODFILE_DIR_PATH}/Podfile.lock",
				"${PODS_ROOT}/Manifest.lock",
			);
			name = "[CP] Check Pods Manifest.lock";
			outputPaths = (
				"$(DERIVED_FILE_DIR)/Pods-ToDoey-checkManifestLockResult.txt",
			);
			runOnlyForDeploymentPostprocessing = 0;
			shellPath = /bin/sh;
			shellScript = "diff \"${PODS_PODFILE_DIR_PATH}/Podfile.lock\" \"${PODS_ROOT}/Manifest.lock\" > /dev/null\nif [ $? != 0 ] ; then\n    # print error to STDERR\n    echo \"error: The sandbox is not in sync with the Podfile.lock. Run 'pod install' or update your CocoaPods installation.\" >&2\n    exit 1\nfi\n# This output is used by Xcode 'outputs' to avoid re-running this script phase.\necho \"SUCCESS\" > \"${SCRIPT_OUTPUT_FILE_0}\"\n";
			showEnvVarsInLog = 0;
		};
		2FCEF3B84FFAB3C747971580 /* [CP] Embed Pods Frameworks */ = {
			isa = PBXShellScriptBuildPhase;
			buildActionMask = 2147483647;
			files = (
			);
			inputPaths = (
				"${SRCROOT}/Pods/Target Support Files/Pods-ToDoey/Pods-ToDoey-frameworks.sh",
				"${BUILT_PRODUCTS_DIR}/Realm/Realm.framework",
				"${BUILT_PRODUCTS_DIR}/RealmSwift/RealmSwift.framework",
				"${BUILT_PRODUCTS_DIR}/SwipeCellKit/SwipeCellKit.framework",
			);
			name = "[CP] Embed Pods Frameworks";
			outputPaths = (
				"${TARGET_BUILD_DIR}/${FRAMEWORKS_FOLDER_PATH}/Realm.framework",
				"${TARGET_BUILD_DIR}/${FRAMEWORKS_FOLDER_PATH}/RealmSwift.framework",
				"${TARGET_BUILD_DIR}/${FRAMEWORKS_FOLDER_PATH}/SwipeCellKit.framework",
			);
			runOnlyForDeploymentPostprocessing = 0;
			shellPath = /bin/sh;
			shellScript = "\"${SRCROOT}/Pods/Target Support Files/Pods-ToDoey/Pods-ToDoey-frameworks.sh\"\n";
			showEnvVarsInLog = 0;
		};
/* End PBXShellScriptBuildPhase section */

/* Begin PBXSourcesBuildPhase section */
		63B7833821A7050D0042FF9B /* Sources */ = {
			isa = PBXSourcesBuildPhase;
			buildActionMask = 2147483647;
			files = (
				631E119321AB2A9200ADD832 /* Item.swift in Sources */,
				638FB74C21AB6063007D0B20 /* SwipeTableTableViewController.swift in Sources */,
				63B7834221A7050D0042FF9B /* ToDoListViewController.swift in Sources */,
				63B7834021A7050D0042FF9B /* AppDelegate.swift in Sources */,
				63B7837E21A7C48C0042FF9B /* CategoryTableViewController.swift in Sources */,
				631E119521AB2AA500ADD832 /* Category.swift in Sources */,
			);
			runOnlyForDeploymentPostprocessing = 0;
		};
/* End PBXSourcesBuildPhase section */

/* Begin PBXVariantGroup section */
		63B7834321A7050D0042FF9B /* Main.storyboard */ = {
			isa = PBXVariantGroup;
			children = (
				63B7834421A7050D0042FF9B /* Base */,
			);
			name = Main.storyboard;
			sourceTree = "<group>";
		};
		63B7834821A7050E0042FF9B /* LaunchScreen.storyboard */ = {
			isa = PBXVariantGroup;
			children = (
				63B7834921A7050E0042FF9B /* Base */,
			);
			name = LaunchScreen.storyboard;
			sourceTree = "<group>";
		};
/* End PBXVariantGroup section */

/* Begin XCBuildConfiguration section */
		63B7834C21A7050E0042FF9B /* Debug */ = {
			isa = XCBuildConfiguration;
			buildSettings = {
				ALWAYS_SEARCH_USER_PATHS = NO;
				CLANG_ANALYZER_NONNULL = YES;
				CLANG_ANALYZER_NUMBER_OBJECT_CONVERSION = YES_AGGRESSIVE;
				CLANG_CXX_LANGUAGE_STANDARD = "gnu++14";
				CLANG_CXX_LIBRARY = "libc++";
				CLANG_ENABLE_MODULES = YES;
				CLANG_ENABLE_OBJC_ARC = YES;
				CLANG_ENABLE_OBJC_WEAK = YES;
				CLANG_WARN_BLOCK_CAPTURE_AUTORELEASING = YES;
				CLANG_WARN_BOOL_CONVERSION = YES;
				CLANG_WARN_COMMA = YES;
				CLANG_WARN_CONSTANT_CONVERSION = YES;
				CLANG_WARN_DEPRECATED_OBJC_IMPLEMENTATIONS = YES;
				CLANG_WARN_DIRECT_OBJC_ISA_USAGE = YES_ERROR;
				CLANG_WARN_DOCUMENTATION_COMMENTS = YES;
				CLANG_WARN_EMPTY_BODY = YES;
				CLANG_WARN_ENUM_CONVERSION = YES;
				CLANG_WARN_INFINITE_RECURSION = YES;
				CLANG_WARN_INT_CONVERSION = YES;
				CLANG_WARN_NON_LITERAL_NULL_CONVERSION = YES;
				CLANG_WARN_OBJC_IMPLICIT_RETAIN_SELF = YES;
				CLANG_WARN_OBJC_LITERAL_CONVERSION = YES;
				CLANG_WARN_OBJC_ROOT_CLASS = YES_ERROR;
				CLANG_WARN_RANGE_LOOP_ANALYSIS = YES;
				CLANG_WARN_STRICT_PROTOTYPES = YES;
				CLANG_WARN_SUSPICIOUS_MOVE = YES;
				CLANG_WARN_UNGUARDED_AVAILABILITY = YES_AGGRESSIVE;
				CLANG_WARN_UNREACHABLE_CODE = YES;
				CLANG_WARN__DUPLICATE_METHOD_MATCH = YES;
				CODE_SIGN_IDENTITY = "iPhone Developer";
				COPY_PHASE_STRIP = NO;
				DEBUG_INFORMATION_FORMAT = dwarf;
				ENABLE_STRICT_OBJC_MSGSEND = YES;
				ENABLE_TESTABILITY = YES;
				GCC_C_LANGUAGE_STANDARD = gnu11;
				GCC_DYNAMIC_NO_PIC = NO;
				GCC_NO_COMMON_BLOCKS = YES;
				GCC_OPTIMIZATION_LEVEL = 0;
				GCC_PREPROCESSOR_DEFINITIONS = (
					"DEBUG=1",
					"$(inherited)",
				);
				GCC_WARN_64_TO_32_BIT_CONVERSION = YES;
				GCC_WARN_ABOUT_RETURN_TYPE = YES_ERROR;
				GCC_WARN_UNDECLARED_SELECTOR = YES;
				GCC_WARN_UNINITIALIZED_AUTOS = YES_AGGRESSIVE;
				GCC_WARN_UNUSED_FUNCTION = YES;
				GCC_WARN_UNUSED_VARIABLE = YES;
				IPHONEOS_DEPLOYMENT_TARGET = 12.1;
				MTL_ENABLE_DEBUG_INFO = INCLUDE_SOURCE;
				MTL_FAST_MATH = YES;
				ONLY_ACTIVE_ARCH = YES;
				SDKROOT = iphoneos;
				SWIFT_ACTIVE_COMPILATION_CONDITIONS = DEBUG;
				SWIFT_OPTIMIZATION_LEVEL = "-Onone";
			};
			name = Debug;
		};
		63B7834D21A7050E0042FF9B /* Release */ = {
			isa = XCBuildConfiguration;
			buildSettings = {
				ALWAYS_SEARCH_USER_PATHS = NO;
				CLANG_ANALYZER_NONNULL = YES;
				CLANG_ANALYZER_NUMBER_OBJECT_CONVERSION = YES_AGGRESSIVE;
				CLANG_CXX_LANGUAGE_STANDARD = "gnu++14";
				CLANG_CXX_LIBRARY = "libc++";
				CLANG_ENABLE_MODULES = YES;
				CLANG_ENABLE_OBJC_ARC = YES;
				CLANG_ENABLE_OBJC_WEAK = YES;
				CLANG_WARN_BLOCK_CAPTURE_AUTORELEASING = YES;
				CLANG_WARN_BOOL_CONVERSION = YES;
				CLANG_WARN_COMMA = YES;
				CLANG_WARN_CONSTANT_CONVERSION = YES;
				CLANG_WARN_DEPRECATED_OBJC_IMPLEMENTATIONS = YES;
				CLANG_WARN_DIRECT_OBJC_ISA_USAGE = YES_ERROR;
				CLANG_WARN_DOCUMENTATION_COMMENTS = YES;
				CLANG_WARN_EMPTY_BODY = YES;
				CLANG_WARN_ENUM_CONVERSION = YES;
				CLANG_WARN_INFINITE_RECURSION = YES;
				CLANG_WARN_INT_CONVERSION = YES;
				CLANG_WARN_NON_LITERAL_NULL_CONVERSION = YES;
				CLANG_WARN_OBJC_IMPLICIT_RETAIN_SELF = YES;
				CLANG_WARN_OBJC_LITERAL_CONVERSION = YES;
				CLANG_WARN_OBJC_ROOT_CLASS = YES_ERROR;
				CLANG_WARN_RANGE_LOOP_ANALYSIS = YES;
				CLANG_WARN_STRICT_PROTOTYPES = YES;
				CLANG_WARN_SUSPICIOUS_MOVE = YES;
				CLANG_WARN_UNGUARDED_AVAILABILITY = YES_AGGRESSIVE;
				CLANG_WARN_UNREACHABLE_CODE = YES;
				CLANG_WARN__DUPLICATE_METHOD_MATCH = YES;
				CODE_SIGN_IDENTITY = "iPhone Developer";
				COPY_PHASE_STRIP = NO;
				DEBUG_INFORMATION_FORMAT = "dwarf-with-dsym";
				ENABLE_NS_ASSERTIONS = NO;
				ENABLE_STRICT_OBJC_MSGSEND = YES;
				GCC_C_LANGUAGE_STANDARD = gnu11;
				GCC_NO_COMMON_BLOCKS = YES;
				GCC_WARN_64_TO_32_BIT_CONVERSION = YES;
				GCC_WARN_ABOUT_RETURN_TYPE = YES_ERROR;
				GCC_WARN_UNDECLARED_SELECTOR = YES;
				GCC_WARN_UNINITIALIZED_AUTOS = YES_AGGRESSIVE;
				GCC_WARN_UNUSED_FUNCTION = YES;
				GCC_WARN_UNUSED_VARIABLE = YES;
				IPHONEOS_DEPLOYMENT_TARGET = 12.1;
				MTL_ENABLE_DEBUG_INFO = NO;
				MTL_FAST_MATH = YES;
				SDKROOT = iphoneos;
				SWIFT_COMPILATION_MODE = wholemodule;
				SWIFT_OPTIMIZATION_LEVEL = "-O";
				VALIDATE_PRODUCT = YES;
			};
			name = Release;
		};
		63B7834F21A7050E0042FF9B /* Debug */ = {
			isa = XCBuildConfiguration;
			baseConfigurationReference = A46F0F44DE92E089B9B409E1 /* Pods-ToDoey.debug.xcconfig */;
			buildSettings = {
				ASSETCATALOG_COMPILER_APPICON_NAME = AppIcon;
				CODE_SIGN_STYLE = Automatic;
				DEVELOPMENT_TEAM = J97L2A8AMM;
				INFOPLIST_FILE = ToDoey/Info.plist;
				LD_RUNPATH_SEARCH_PATHS = (
					"$(inherited)",
					"@executable_path/Frameworks",
				);
				PRODUCT_BUNDLE_IDENTIFIER = Bugsracer.ToDoey;
				PRODUCT_NAME = "$(TARGET_NAME)";
				SWIFT_VERSION = 4.2;
				TARGETED_DEVICE_FAMILY = "1,2";
			};
			name = Debug;
		};
		63B7835021A7050E0042FF9B /* Release */ = {
			isa = XCBuildConfiguration;
			baseConfigurationReference = 2FF5958A9C3DD3B440945F53 /* Pods-ToDoey.release.xcconfig */;
			buildSettings = {
				ASSETCATALOG_COMPILER_APPICON_NAME = AppIcon;
				CODE_SIGN_STYLE = Automatic;
				DEVELOPMENT_TEAM = J97L2A8AMM;
				INFOPLIST_FILE = ToDoey/Info.plist;
				LD_RUNPATH_SEARCH_PATHS = (
					"$(inherited)",
					"@executable_path/Frameworks",
				);
				PRODUCT_BUNDLE_IDENTIFIER = Bugsracer.ToDoey;
				PRODUCT_NAME = "$(TARGET_NAME)";
				SWIFT_VERSION = 4.2;
				TARGETED_DEVICE_FAMILY = "1,2";
			};
			name = Release;
		};
/* End XCBuildConfiguration section */

/* Begin XCConfigurationList section */
		63B7833721A7050D0042FF9B /* Build configuration list for PBXProject "ToDoey" */ = {
			isa = XCConfigurationList;
			buildConfigurations = (
				63B7834C21A7050E0042FF9B /* Debug */,
				63B7834D21A7050E0042FF9B /* Release */,
			);
			defaultConfigurationIsVisible = 0;
			defaultConfigurationName = Release;
		};
		63B7834E21A7050E0042FF9B /* Build configuration list for PBXNativeTarget "ToDoey" */ = {
			isa = XCConfigurationList;
			buildConfigurations = (
				63B7834F21A7050E0042FF9B /* Debug */,
				63B7835021A7050E0042FF9B /* Release */,
			);
			defaultConfigurationIsVisible = 0;
			defaultConfigurationName = Release;
		};
/* End XCConfigurationList section */
	};
	rootObject = 63B7833421A7050D0042FF9B /* Project object */;
}
